
Microsoft Visual Studio Solution File, Format Version 12.00
# Visual Studio Version 16
VisualStudioVersion = 16.0.30104.148
MinimumVisualStudioVersion = 10.0.40219.1
Project("{FAE04EC0-301F-11D3-BF4B-00C04F79EFBC}") = "MyApp", "MyApp\MyApp.csproj", "{25D7CAAD-1E63-4A8F-8D65-D87C4B11AFEE}"
EndProject
Global
	GlobalSection(SolutionConfigurationPlatforms) = preSolution
		Debug|Any CPU = Debug|Any CPU
		Release|Any CPU = Release|Any CPU
	EndGlobalSection
	GlobalSection(ProjectConfigurationPlatforms) = postSolution
		{25D7CAAD-1E63-4A8F-8D65-D87C4B11AFEE}.Debug|Any CPU.ActiveCfg = Debug|Any CPU
		{25D7CAAD-1E63-4A8F-8D65-D87C4B11AFEE}.Debug|Any CPU.Build.0 = Debug|Any CPU
		{25D7CAAD-1E63-4A8F-8D65-D87C4B11AFEE}.Release|Any CPU.ActiveCfg = Release|Any CPU
		{25D7CAAD-1E63-4A8F-8D65-D87C4B11AFEE}.Release|Any CPU.Build.0 = Release|Any CPU
	EndGlobalSection
	GlobalSection(SolutionProperties) = preSolution
		HideSolutionNode = FALSE
	EndGlobalSection
	GlobalSection(ExtensibilityGlobals) = postSolution
		SolutionGuid = {208D9A81-E7B0-41EF-8FDA-7A153D6B17A8}
	EndGlobalSection
EndGlobal
